
Microsoft Visual Studio Solution File, Format Version 12.00
# Visual Studio Version 16
VisualStudioVersion = 16.0.31727.386
MinimumVisualStudioVersion = 10.0.40219.1
Project("{8BC9CEB8-8B4A-11D0-8D11-00A0C91BC942}") = "BattleGame", "BattleGame.vcxproj", "{764DD83E-CDD1-44A5-AF2E-0151407E5F5B}"
EndProject
Global
	GlobalSection(SolutionConfigurationPlatforms) = preSolution
		Debug|x64 = Debug|x64
		Debug|x86 = Debug|x86
		Release|x64 = Release|x64
		Release|x86 = Release|x86
	EndGlobalSection
	GlobalSection(ProjectConfigurationPlatforms) = postSolution
		{764DD83E-CDD1-44A5-AF2E-0151407E5F5B}.Debug|x64.ActiveCfg = Debug|x64
		{764DD83E-CDD1-44A5-AF2E-0151407E5F5B}.Debug|x64.Build.0 = Debug|x64
		{764DD83E-CDD1-44A5-AF2E-0151407E5F5B}.Debug|x86.ActiveCfg = Debug|Win32
		{764DD83E-CDD1-44A5-AF2E-0151407E5F5B}.Debug|x86.Build.0 = Debug|Win32
		{764DD83E-CDD1-44A5-AF2E-0151407E5F5B}.Release|x64.ActiveCfg = Release|x64
		{764DD83E-CDD1-44A5-AF2E-0151407E5F5B}.Release|x64.Build.0 = Release|x64
		{764DD83E-CDD1-44A5-AF2E-0151407E5F5B}.Release|x86.ActiveCfg = Release|Win32
		{764DD83E-CDD1-44A5-AF2E-0151407E5F5B}.Release|x86.Build.0 = Release|Win32
	EndGlobalSection
	GlobalSection(SolutionProperties) = preSolution
		HideSolutionNode = FALSE
	EndGlobalSection
	GlobalSection(ExtensibilityGlobals) = postSolution
		SolutionGuid = {F8F7E1B2-664E-4FA9-BA4B-8C8799E9F58F}
	EndGlobalSection
EndGlobal
